
Microsoft Visual Studio Solution File, Format Version 12.00
# Visual Studio Version 17
VisualStudioVersion = 17.11.35327.3
MinimumVisualStudioVersion = 10.0.40219.1
Project("{FAE04EC0-301F-11D3-BF4B-00C04F79EFBC}") = "dungeonChoise", "dungeonChoise\dungeonChoise.csproj", "{CC997D35-D7E4-4B7A-B41B-8AE5E772EBFF}"
EndProject
Global
	GlobalSection(SolutionConfigurationPlatforms) = preSolution
		Debug|Any CPU = Debug|Any CPU
		Release|Any CPU = Release|Any CPU
	EndGlobalSection
	GlobalSection(ProjectConfigurationPlatforms) = postSolution
		{CC997D35-D7E4-4B7A-B41B-8AE5E772EBFF}.Debug|Any CPU.ActiveCfg = Debug|Any CPU
		{CC997D35-D7E4-4B7A-B41B-8AE5E772EBFF}.Debug|Any CPU.Build.0 = Debug|Any CPU
		{CC997D35-D7E4-4B7A-B41B-8AE5E772EBFF}.Release|Any CPU.ActiveCfg = Release|Any CPU
		{CC997D35-D7E4-4B7A-B41B-8AE5E772EBFF}.Release|Any CPU.Build.0 = Release|Any CPU
	EndGlobalSection
	GlobalSection(SolutionProperties) = preSolution
		HideSolutionNode = FALSE
	EndGlobalSection
	GlobalSection(ExtensibilityGlobals) = postSolution
		SolutionGuid = {2E4BD9AE-372A-47CD-AE3E-3713D36BFA50}
	EndGlobalSection
EndGlobal
